// !$*UTF8*$!
{
	archiveVersion = 1;
	classes = {
	};
	objectVersion = 48;
	objects = {

/* Begin PBXBuildFile section */
		3FCDFF400795C5FF8ED9AFA5 /* libPods-BaseFictitiousCoinTests.a in Frameworks */ = {isa = PBXBuildFile; fileRef = 443FA7AAEED1431924D9E3F6 /* libPods-BaseFictitiousCoinTests.a */; };
		416DADD520AD484C00D09739 /* BCTabBarControllerConfig.m in Sources */ = {isa = PBXBuildFile; fileRef = 416DADD420AD484C00D09739 /* BCTabBarControllerConfig.m */; };
		416DADDC20AD499D00D09739 /* BCHomeController.m in Sources */ = {isa = PBXBuildFile; fileRef = 416DADDB20AD499D00D09739 /* BCHomeController.m */; };
		416DADDF20AD49BD00D09739 /* BCSecretLetterController.m in Sources */ = {isa = PBXBuildFile; fileRef = 416DADDE20AD49BD00D09739 /* BCSecretLetterController.m */; };
		416DADE220AD49CF00D09739 /* BCWalletController.m in Sources */ = {isa = PBXBuildFile; fileRef = 416DADE120AD49CF00D09739 /* BCWalletController.m */; };
		416DADE520AD49E300D09739 /* BCProfileController.m in Sources */ = {isa = PBXBuildFile; fileRef = 416DADE420AD49E300D09739 /* BCProfileController.m */; };
		416DADE820AD4E8F00D09739 /* UIImage+BCCategory.m in Sources */ = {isa = PBXBuildFile; fileRef = 416DADE720AD4E8F00D09739 /* UIImage+BCCategory.m */; };
		416DADEB20AD4ED100D09739 /* UIColor+BCCategory.m in Sources */ = {isa = PBXBuildFile; fileRef = 416DADEA20AD4ED100D09739 /* UIColor+BCCategory.m */; };
		417063FA20AC2D2600909AE2 /* BCAppDelegate.m in Sources */ = {isa = PBXBuildFile; fileRef = 417063F920AC2D2600909AE2 /* BCAppDelegate.m */; };
		4170640220AC2D2600909AE2 /* Assets.xcassets in Resources */ = {isa = PBXBuildFile; fileRef = 4170640120AC2D2600909AE2 /* Assets.xcassets */; };
		4170640520AC2D2600909AE2 /* LaunchScreen.storyboard in Resources */ = {isa = PBXBuildFile; fileRef = 4170640320AC2D2600909AE2 /* LaunchScreen.storyboard */; };
		4170640820AC2D2600909AE2 /* main.m in Sources */ = {isa = PBXBuildFile; fileRef = 4170640720AC2D2600909AE2 /* main.m */; };
		4170641220AC2D2600909AE2 /* BaseFictitiousCoinTests.m in Sources */ = {isa = PBXBuildFile; fileRef = 4170641120AC2D2600909AE2 /* BaseFictitiousCoinTests.m */; };
		4170641D20AC2D2600909AE2 /* BaseFictitiousCoinUITests.m in Sources */ = {isa = PBXBuildFile; fileRef = 4170641C20AC2D2600909AE2 /* BaseFictitiousCoinUITests.m */; };
		4170643120AC313E00909AE2 /* BaseViewController.m in Sources */ = {isa = PBXBuildFile; fileRef = 4170643020AC313E00909AE2 /* BaseViewController.m */; };
		4190C8A820AEA08B00F8CF00 /* LMJScrollTextView2.m in Sources */ = {isa = PBXBuildFile; fileRef = 4190C8A620AEA07700F8CF00 /* LMJScrollTextView2.m */; };
		4190C8AB20AEAA3A00F8CF00 /* HomeItemCell.m in Sources */ = {isa = PBXBuildFile; fileRef = 4190C8AA20AEAA3A00F8CF00 /* HomeItemCell.m */; };
		4198AA6520AD6D6D00648E0E /* BCNavgationController.m in Sources */ = {isa = PBXBuildFile; fileRef = 4198AA6420AD6D6D00648E0E /* BCNavgationController.m */; };
		4198AA6D20AD741200648E0E /* HBDNavigationBar.m in Sources */ = {isa = PBXBuildFile; fileRef = 4198AA6720AD71C700648E0E /* HBDNavigationBar.m */; };
		4198AA6E20AD741200648E0E /* HBDNavigationController.m in Sources */ = {isa = PBXBuildFile; fileRef = 4198AA6B20AD71C700648E0E /* HBDNavigationController.m */; };
		4198AA6F20AD741200648E0E /* UIViewController+HBD.m in Sources */ = {isa = PBXBuildFile; fileRef = 4198AA6920AD71C700648E0E /* UIViewController+HBD.m */; };
		4198AA7720AD798A00648E0E /* BCUserModel.m in Sources */ = {isa = PBXBuildFile; fileRef = 4198AA7620AD798A00648E0E /* BCUserModel.m */; };
		4198AA7A20AD7A1400648E0E /* BCUserModelManager.m in Sources */ = {isa = PBXBuildFile; fileRef = 4198AA7920AD7A1400648E0E /* BCUserModelManager.m */; };
		4198AA7D20AD7BF500648E0E /* NSObject+BCCategory.m in Sources */ = {isa = PBXBuildFile; fileRef = 4198AA7C20AD7BF500648E0E /* NSObject+BCCategory.m */; };
		4198AA8020AD7C7F00648E0E /* NSString+BCCategory.m in Sources */ = {isa = PBXBuildFile; fileRef = 4198AA7F20AD7C7F00648E0E /* NSString+BCCategory.m */; };
		4198AA8420AD81D100648E0E /* BCInterfaceConst.m in Sources */ = {isa = PBXBuildFile; fileRef = 4198AA8320AD81D100648E0E /* BCInterfaceConst.m */; };
		4198AA8A20AD830100648E0E /* BCNetworkMonitor.m in Sources */ = {isa = PBXBuildFile; fileRef = 4198AA8920AD830100648E0E /* BCNetworkMonitor.m */; };
		4198AA8E20AD857D00648E0E /* BCHUD.m in Sources */ = {isa = PBXBuildFile; fileRef = 4198AA8D20AD857D00648E0E /* BCHUD.m */; };
		41A7509620AE7B4C00440327 /* BCCenterButton.m in Sources */ = {isa = PBXBuildFile; fileRef = 41A7509520AE7B4C00440327 /* BCCenterButton.m */; };
		41A750A220AE976100440327 /* HW3DBannerView.m in Sources */ = {isa = PBXBuildFile; fileRef = 41A7509E20AE845D00440327 /* HW3DBannerView.m */; };
		41A750A320AE976100440327 /* UIView+Banner.m in Sources */ = {isa = PBXBuildFile; fileRef = 41A750A120AE845E00440327 /* UIView+Banner.m */; };
		5AA67218AFA798B1C795389F /* libPods-BaseFictitiousCoinUITests.a in Frameworks */ = {isa = PBXBuildFile; fileRef = EF50BFA371C713EB87CDB964 /* libPods-BaseFictitiousCoinUITests.a */; };
		DCA7BE711A94A7A7207D4F2E /* libPods-BaseFictitiousCoin.a in Frameworks */ = {isa = PBXBuildFile; fileRef = 25CA8D9B840C86A54F3FCB62 /* libPods-BaseFictitiousCoin.a */; };
/* End PBXBuildFile section */

/* Begin PBXContainerItemProxy section */
		4170640E20AC2D2600909AE2 /* PBXContainerItemProxy */ = {
			isa = PBXContainerItemProxy;
			containerPortal = 417063ED20AC2D2600909AE2 /* Project object */;
			proxyType = 1;
			remoteGlobalIDString = 417063F420AC2D2600909AE2;
			remoteInfo = BaseFictitiousCoin;
		};
		4170641920AC2D2600909AE2 /* PBXContainerItemProxy */ = {
			isa = PBXContainerItemProxy;
			containerPortal = 417063ED20AC2D2600909AE2 /* Project object */;
			proxyType = 1;
			remoteGlobalIDString = 417063F420AC2D2600909AE2;
			remoteInfo = BaseFictitiousCoin;
		};
/* End PBXContainerItemProxy section */

/* Begin PBXFileReference section */
		25CA8D9B840C86A54F3FCB62 /* libPods-BaseFictitiousCoin.a */ = {isa = PBXFileReference; explicitFileType = archive.ar; includeInIndex = 0; path = "libPods-BaseFictitiousCoin.a"; sourceTree = BUILT_PRODUCTS_DIR; };
		416DADD320AD484C00D09739 /* BCTabBarControllerConfig.h */ = {isa = PBXFileReference; lastKnownFileType = sourcecode.c.h; path = BCTabBarControllerConfig.h; sourceTree = "<group>"; };
		416DADD420AD484C00D09739 /* BCTabBarControllerConfig.m */ = {isa = PBXFileReference; lastKnownFileType = sourcecode.c.objc; path = BCTabBarControllerConfig.m; sourceTree = "<group>"; };
		416DADDA20AD499D00D09739 /* BCHomeController.h */ = {isa = PBXFileReference; lastKnownFileType = sourcecode.c.h; path = BCHomeController.h; sourceTree = "<group>"; };
		416DADDB20AD499D00D09739 /* BCHomeController.m */ = {isa = PBXFileReference; lastKnownFileType = sourcecode.c.objc; path = BCHomeController.m; sourceTree = "<group>"; };
		416DADDD20AD49BD00D09739 /* BCSecretLetterController.h */ = {isa = PBXFileReference; lastKnownFileType = sourcecode.c.h; path = BCSecretLetterController.h; sourceTree = "<group>"; };
		416DADDE20AD49BD00D09739 /* BCSecretLetterController.m */ = {isa = PBXFileReference; lastKnownFileType = sourcecode.c.objc; path = BCSecretLetterController.m; sourceTree = "<group>"; };
		416DADE020AD49CF00D09739 /* BCWalletController.h */ = {isa = PBXFileReference; lastKnownFileType = sourcecode.c.h; path = BCWalletController.h; sourceTree = "<group>"; };
		416DADE120AD49CF00D09739 /* BCWalletController.m */ = {isa = PBXFileReference; lastKnownFileType = sourcecode.c.objc; path = BCWalletController.m; sourceTree = "<group>"; };
		416DADE320AD49E300D09739 /* BCProfileController.h */ = {isa = PBXFileReference; lastKnownFileType = sourcecode.c.h; path = BCProfileController.h; sourceTree = "<group>"; };
		416DADE420AD49E300D09739 /* BCProfileController.m */ = {isa = PBXFileReference; lastKnownFileType = sourcecode.c.objc; path = BCProfileController.m; sourceTree = "<group>"; };
		416DADE620AD4E8F00D09739 /* UIImage+BCCategory.h */ = {isa = PBXFileReference; lastKnownFileType = sourcecode.c.h; path = "UIImage+BCCategory.h"; sourceTree = "<group>"; };
		416DADE720AD4E8F00D09739 /* UIImage+BCCategory.m */ = {isa = PBXFileReference; lastKnownFileType = sourcecode.c.objc; path = "UIImage+BCCategory.m"; sourceTree = "<group>"; };
		416DADE920AD4ED100D09739 /* UIColor+BCCategory.h */ = {isa = PBXFileReference; lastKnownFileType = sourcecode.c.h; path = "UIColor+BCCategory.h"; sourceTree = "<group>"; };
		416DADEA20AD4ED100D09739 /* UIColor+BCCategory.m */ = {isa = PBXFileReference; lastKnownFileType = sourcecode.c.objc; path = "UIColor+BCCategory.m"; sourceTree = "<group>"; };
		417063F520AC2D2600909AE2 /* BaseFictitiousCoin.app */ = {isa = PBXFileReference; explicitFileType = wrapper.application; includeInIndex = 0; path = BaseFictitiousCoin.app; sourceTree = BUILT_PRODUCTS_DIR; };
		417063F820AC2D2600909AE2 /* BCAppDelegate.h */ = {isa = PBXFileReference; lastKnownFileType = sourcecode.c.h; path = BCAppDelegate.h; sourceTree = "<group>"; };
		417063F920AC2D2600909AE2 /* BCAppDelegate.m */ = {isa = PBXFileReference; lastKnownFileType = sourcecode.c.objc; path = BCAppDelegate.m; sourceTree = "<group>"; };
		4170640120AC2D2600909AE2 /* Assets.xcassets */ = {isa = PBXFileReference; lastKnownFileType = folder.assetcatalog; path = Assets.xcassets; sourceTree = "<group>"; };
		4170640420AC2D2600909AE2 /* Base */ = {isa = PBXFileReference; lastKnownFileType = file.storyboard; name = Base; path = Base.lproj/LaunchScreen.storyboard; sourceTree = "<group>"; };
		4170640620AC2D2600909AE2 /* Info.plist */ = {isa = PBXFileReference; lastKnownFileType = text.plist.xml; path = Info.plist; sourceTree = "<group>"; };
		4170640720AC2D2600909AE2 /* main.m */ = {isa = PBXFileReference; lastKnownFileType = sourcecode.c.objc; path = main.m; sourceTree = "<group>"; };
		4170640D20AC2D2600909AE2 /* BaseFictitiousCoinTests.xctest */ = {isa = PBXFileReference; explicitFileType = wrapper.cfbundle; includeInIndex = 0; path = BaseFictitiousCoinTests.xctest; sourceTree = BUILT_PRODUCTS_DIR; };
		4170641120AC2D2600909AE2 /* BaseFictitiousCoinTests.m */ = {isa = PBXFileReference; lastKnownFileType = sourcecode.c.objc; path = BaseFictitiousCoinTests.m; sourceTree = "<group>"; };
		4170641320AC2D2600909AE2 /* Info.plist */ = {isa = PBXFileReference; lastKnownFileType = text.plist.xml; path = Info.plist; sourceTree = "<group>"; };
		4170641820AC2D2600909AE2 /* BaseFictitiousCoinUITests.xctest */ = {isa = PBXFileReference; explicitFileType = wrapper.cfbundle; includeInIndex = 0; path = BaseFictitiousCoinUITests.xctest; sourceTree = BUILT_PRODUCTS_DIR; };
		4170641C20AC2D2600909AE2 /* BaseFictitiousCoinUITests.m */ = {isa = PBXFileReference; lastKnownFileType = sourcecode.c.objc; path = BaseFictitiousCoinUITests.m; sourceTree = "<group>"; };
		4170641E20AC2D2600909AE2 /* Info.plist */ = {isa = PBXFileReference; lastKnownFileType = text.plist.xml; path = Info.plist; sourceTree = "<group>"; };
		4170642F20AC313E00909AE2 /* BaseViewController.h */ = {isa = PBXFileReference; lastKnownFileType = sourcecode.c.h; path = BaseViewController.h; sourceTree = "<group>"; };
		4170643020AC313E00909AE2 /* BaseViewController.m */ = {isa = PBXFileReference; lastKnownFileType = sourcecode.c.objc; path = BaseViewController.m; sourceTree = "<group>"; };
		4170643220AC399E00909AE2 /* BCPrefixHeader.pch */ = {isa = PBXFileReference; lastKnownFileType = sourcecode.c.h; path = BCPrefixHeader.pch; sourceTree = "<group>"; };
		4190C8A620AEA07700F8CF00 /* LMJScrollTextView2.m */ = {isa = PBXFileReference; lastKnownFileType = sourcecode.c.objc; path = LMJScrollTextView2.m; sourceTree = "<group>"; };
		4190C8A720AEA07700F8CF00 /* LMJScrollTextView2.h */ = {isa = PBXFileReference; lastKnownFileType = sourcecode.c.h; path = LMJScrollTextView2.h; sourceTree = "<group>"; };
		4190C8A920AEAA3A00F8CF00 /* HomeItemCell.h */ = {isa = PBXFileReference; lastKnownFileType = sourcecode.c.h; path = HomeItemCell.h; sourceTree = "<group>"; };
		4190C8AA20AEAA3A00F8CF00 /* HomeItemCell.m */ = {isa = PBXFileReference; lastKnownFileType = sourcecode.c.objc; path = HomeItemCell.m; sourceTree = "<group>"; };
		4198AA6320AD6D6D00648E0E /* BCNavgationController.h */ = {isa = PBXFileReference; lastKnownFileType = sourcecode.c.h; path = BCNavgationController.h; sourceTree = "<group>"; };
		4198AA6420AD6D6D00648E0E /* BCNavgationController.m */ = {isa = PBXFileReference; lastKnownFileType = sourcecode.c.objc; path = BCNavgationController.m; sourceTree = "<group>"; };
		4198AA6720AD71C700648E0E /* HBDNavigationBar.m */ = {isa = PBXFileReference; lastKnownFileType = sourcecode.c.objc; path = HBDNavigationBar.m; sourceTree = "<group>"; };
		4198AA6820AD71C700648E0E /* UIViewController+HBD.h */ = {isa = PBXFileReference; lastKnownFileType = sourcecode.c.h; path = "UIViewController+HBD.h"; sourceTree = "<group>"; };
		4198AA6920AD71C700648E0E /* UIViewController+HBD.m */ = {isa = PBXFileReference; lastKnownFileType = sourcecode.c.objc; path = "UIViewController+HBD.m"; sourceTree = "<group>"; };
		4198AA6A20AD71C700648E0E /* HBDNavigationController.h */ = {isa = PBXFileReference; lastKnownFileType = sourcecode.c.h; path = HBDNavigationController.h; sourceTree = "<group>"; };
		4198AA6B20AD71C700648E0E /* HBDNavigationController.m */ = {isa = PBXFileReference; lastKnownFileType = sourcecode.c.objc; path = HBDNavigationController.m; sourceTree = "<group>"; };
		4198AA6C20AD71C700648E0E /* HBDNavigationBar.h */ = {isa = PBXFileReference; lastKnownFileType = sourcecode.c.h; path = HBDNavigationBar.h; sourceTree = "<group>"; };
		4198AA7520AD798A00648E0E /* BCUserModel.h */ = {isa = PBXFileReference; lastKnownFileType = sourcecode.c.h; path = BCUserModel.h; sourceTree = "<group>"; };
		4198AA7620AD798A00648E0E /* BCUserModel.m */ = {isa = PBXFileReference; lastKnownFileType = sourcecode.c.objc; path = BCUserModel.m; sourceTree = "<group>"; };
		4198AA7820AD7A1400648E0E /* BCUserModelManager.h */ = {isa = PBXFileReference; lastKnownFileType = sourcecode.c.h; path = BCUserModelManager.h; sourceTree = "<group>"; };
		4198AA7920AD7A1400648E0E /* BCUserModelManager.m */ = {isa = PBXFileReference; lastKnownFileType = sourcecode.c.objc; path = BCUserModelManager.m; sourceTree = "<group>"; };
		4198AA7B20AD7BF500648E0E /* NSObject+BCCategory.h */ = {isa = PBXFileReference; lastKnownFileType = sourcecode.c.h; path = "NSObject+BCCategory.h"; sourceTree = "<group>"; };
		4198AA7C20AD7BF500648E0E /* NSObject+BCCategory.m */ = {isa = PBXFileReference; lastKnownFileType = sourcecode.c.objc; path = "NSObject+BCCategory.m"; sourceTree = "<group>"; };
		4198AA7E20AD7C7F00648E0E /* NSString+BCCategory.h */ = {isa = PBXFileReference; lastKnownFileType = sourcecode.c.h; path = "NSString+BCCategory.h"; sourceTree = "<group>"; };
		4198AA7F20AD7C7F00648E0E /* NSString+BCCategory.m */ = {isa = PBXFileReference; lastKnownFileType = sourcecode.c.objc; path = "NSString+BCCategory.m"; sourceTree = "<group>"; };
		4198AA8220AD81D100648E0E /* BCInterfaceConst.h */ = {isa = PBXFileReference; lastKnownFileType = sourcecode.c.h; path = BCInterfaceConst.h; sourceTree = "<group>"; };
		4198AA8320AD81D100648E0E /* BCInterfaceConst.m */ = {isa = PBXFileReference; lastKnownFileType = sourcecode.c.objc; path = BCInterfaceConst.m; sourceTree = "<group>"; };
		4198AA8820AD830100648E0E /* BCNetworkMonitor.h */ = {isa = PBXFileReference; lastKnownFileType = sourcecode.c.h; path = BCNetworkMonitor.h; sourceTree = "<group>"; };
		4198AA8920AD830100648E0E /* BCNetworkMonitor.m */ = {isa = PBXFileReference; lastKnownFileType = sourcecode.c.objc; path = BCNetworkMonitor.m; sourceTree = "<group>"; };
		4198AA8C20AD857D00648E0E /* BCHUD.h */ = {isa = PBXFileReference; lastKnownFileType = sourcecode.c.h; path = BCHUD.h; sourceTree = "<group>"; };
		4198AA8D20AD857D00648E0E /* BCHUD.m */ = {isa = PBXFileReference; lastKnownFileType = sourcecode.c.objc; path = BCHUD.m; sourceTree = "<group>"; };
		41A7509420AE7B4C00440327 /* BCCenterButton.h */ = {isa = PBXFileReference; lastKnownFileType = sourcecode.c.h; path = BCCenterButton.h; sourceTree = "<group>"; };
		41A7509520AE7B4C00440327 /* BCCenterButton.m */ = {isa = PBXFileReference; lastKnownFileType = sourcecode.c.objc; path = BCCenterButton.m; sourceTree = "<group>"; };
		41A7509E20AE845D00440327 /* HW3DBannerView.m */ = {isa = PBXFileReference; lastKnownFileType = sourcecode.c.objc; path = HW3DBannerView.m; sourceTree = "<group>"; };
		41A7509F20AE845E00440327 /* HW3DBannerView.h */ = {isa = PBXFileReference; lastKnownFileType = sourcecode.c.h; path = HW3DBannerView.h; sourceTree = "<group>"; };
		41A750A020AE845E00440327 /* UIView+Banner.h */ = {isa = PBXFileReference; lastKnownFileType = sourcecode.c.h; path = "UIView+Banner.h"; sourceTree = "<group>"; };
		41A750A120AE845E00440327 /* UIView+Banner.m */ = {isa = PBXFileReference; lastKnownFileType = sourcecode.c.objc; path = "UIView+Banner.m"; sourceTree = "<group>"; };
		443FA7AAEED1431924D9E3F6 /* libPods-BaseFictitiousCoinTests.a */ = {isa = PBXFileReference; explicitFileType = archive.ar; includeInIndex = 0; path = "libPods-BaseFictitiousCoinTests.a"; sourceTree = BUILT_PRODUCTS_DIR; };
		6783AF2D6FB96D2061C21839 /* Pods-BaseFictitiousCoinUITests.release.xcconfig */ = {isa = PBXFileReference; includeInIndex = 1; lastKnownFileType = text.xcconfig; name = "Pods-BaseFictitiousCoinUITests.release.xcconfig"; path = "Pods/Target Support Files/Pods-BaseFictitiousCoinUITests/Pods-BaseFictitiousCoinUITests.release.xcconfig"; sourceTree = "<group>"; };
		9859A2149C86376DD81EC103 /* Pods-BaseFictitiousCoin.release.xcconfig */ = {isa = PBXFileReference; includeInIndex = 1; lastKnownFileType = text.xcconfig; name = "Pods-BaseFictitiousCoin.release.xcconfig"; path = "Pods/Target Support Files/Pods-BaseFictitiousCoin/Pods-BaseFictitiousCoin.release.xcconfig"; sourceTree = "<group>"; };
		D66175785B1C7DD00224B570 /* Pods-BaseFictitiousCoinUITests.debug.xcconfig */ = {isa = PBXFileReference; includeInIndex = 1; lastKnownFileType = text.xcconfig; name = "Pods-BaseFictitiousCoinUITests.debug.xcconfig"; path = "Pods/Target Support Files/Pods-BaseFictitiousCoinUITests/Pods-BaseFictitiousCoinUITests.debug.xcconfig"; sourceTree = "<group>"; };
		E7DB55F0808A188DB67AC0EF /* Pods-BaseFictitiousCoinTests.debug.xcconfig */ = {isa = PBXFileReference; includeInIndex = 1; lastKnownFileType = text.xcconfig; name = "Pods-BaseFictitiousCoinTests.debug.xcconfig"; path = "Pods/Target Support Files/Pods-BaseFictitiousCoinTests/Pods-BaseFictitiousCoinTests.debug.xcconfig"; sourceTree = "<group>"; };
		E9B754BB058555DF586D88B4 /* Pods-BaseFictitiousCoinTests.release.xcconfig */ = {isa = PBXFileReference; includeInIndex = 1; lastKnownFileType = text.xcconfig; name = "Pods-BaseFictitiousCoinTests.release.xcconfig"; path = "Pods/Target Support Files/Pods-BaseFictitiousCoinTests/Pods-BaseFictitiousCoinTests.release.xcconfig"; sourceTree = "<group>"; };
		E9B7FD1D98D784EABF4467AB /* Pods-BaseFictitiousCoin.debug.xcconfig */ = {isa = PBXFileReference; includeInIndex = 1; lastKnownFileType = text.xcconfig; name = "Pods-BaseFictitiousCoin.debug.xcconfig"; path = "Pods/Target Support Files/Pods-BaseFictitiousCoin/Pods-BaseFictitiousCoin.debug.xcconfig"; sourceTree = "<group>"; };
		EF50BFA371C713EB87CDB964 /* libPods-BaseFictitiousCoinUITests.a */ = {isa = PBXFileReference; explicitFileType = archive.ar; includeInIndex = 0; path = "libPods-BaseFictitiousCoinUITests.a"; sourceTree = BUILT_PRODUCTS_DIR; };
/* End PBXFileReference section */

/* Begin PBXFrameworksBuildPhase section */
		417063F220AC2D2600909AE2 /* Frameworks */ = {
			isa = PBXFrameworksBuildPhase;
			buildActionMask = 2147483647;
			files = (
				DCA7BE711A94A7A7207D4F2E /* libPods-BaseFictitiousCoin.a in Frameworks */,
			);
			runOnlyForDeploymentPostprocessing = 0;
		};
		4170640A20AC2D2600909AE2 /* Frameworks */ = {
			isa = PBXFrameworksBuildPhase;
			buildActionMask = 2147483647;
			files = (
				3FCDFF400795C5FF8ED9AFA5 /* libPods-BaseFictitiousCoinTests.a in Frameworks */,
			);
			runOnlyForDeploymentPostprocessing = 0;
		};
		4170641520AC2D2600909AE2 /* Frameworks */ = {
			isa = PBXFrameworksBuildPhase;
			buildActionMask = 2147483647;
			files = (
				5AA67218AFA798B1C795389F /* libPods-BaseFictitiousCoinUITests.a in Frameworks */,
			);
			runOnlyForDeploymentPostprocessing = 0;
		};
/* End PBXFrameworksBuildPhase section */

/* Begin PBXGroup section */
		3EC013A4037A6DBEE1FED739 /* Frameworks */ = {
			isa = PBXGroup;
			children = (
				25CA8D9B840C86A54F3FCB62 /* libPods-BaseFictitiousCoin.a */,
				443FA7AAEED1431924D9E3F6 /* libPods-BaseFictitiousCoinTests.a */,
				EF50BFA371C713EB87CDB964 /* libPods-BaseFictitiousCoinUITests.a */,
			);
			name = Frameworks;
			sourceTree = "<group>";
		};
		416DADD620AD492A00D09739 /* Home */ = {
			isa = PBXGroup;
			children = (
				416DADDA20AD499D00D09739 /* BCHomeController.h */,
				416DADDB20AD499D00D09739 /* BCHomeController.m */,
			);
			path = Home;
			sourceTree = "<group>";
		};
		416DADD720AD493100D09739 /* SecretLetter */ = {
			isa = PBXGroup;
			children = (
				416DADDD20AD49BD00D09739 /* BCSecretLetterController.h */,
				416DADDE20AD49BD00D09739 /* BCSecretLetterController.m */,
			);
			path = SecretLetter;
			sourceTree = "<group>";
		};
		416DADD820AD495800D09739 /* Wallet */ = {
			isa = PBXGroup;
			children = (
				416DADE020AD49CF00D09739 /* BCWalletController.h */,
				416DADE120AD49CF00D09739 /* BCWalletController.m */,
			);
			path = Wallet;
			sourceTree = "<group>";
		};
		416DADD920AD496800D09739 /* Profile */ = {
			isa = PBXGroup;
			children = (
				416DADE320AD49E300D09739 /* BCProfileController.h */,
				416DADE420AD49E300D09739 /* BCProfileController.m */,
			);
			path = Profile;
			sourceTree = "<group>";
		};
		417063EC20AC2D2600909AE2 = {
			isa = PBXGroup;
			children = (
				417063F720AC2D2600909AE2 /* BaseFictitiousCoin */,
				4170641020AC2D2600909AE2 /* BaseFictitiousCoinTests */,
				4170641B20AC2D2600909AE2 /* BaseFictitiousCoinUITests */,
				417063F620AC2D2600909AE2 /* Products */,
				54EC21698335176E21EB0BC4 /* Pods */,
				3EC013A4037A6DBEE1FED739 /* Frameworks */,
			);
			sourceTree = "<group>";
		};
		417063F620AC2D2600909AE2 /* Products */ = {
			isa = PBXGroup;
			children = (
				417063F520AC2D2600909AE2 /* BaseFictitiousCoin.app */,
				4170640D20AC2D2600909AE2 /* BaseFictitiousCoinTests.xctest */,
				4170641820AC2D2600909AE2 /* BaseFictitiousCoinUITests.xctest */,
			);
			name = Products;
			sourceTree = "<group>";
		};
		417063F720AC2D2600909AE2 /* BaseFictitiousCoin */ = {
			isa = PBXGroup;
			children = (
				4170642A20AC2E5F00909AE2 /* Catagery */,
				4170642C20AC2E7000909AE2 /* Util */,
				4170642D20AC2E7C00909AE2 /* Common */,
				4170642B20AC2E6800909AE2 /* Vender */,
				417063F820AC2D2600909AE2 /* BCAppDelegate.h */,
				417063F920AC2D2600909AE2 /* BCAppDelegate.m */,
				4170640120AC2D2600909AE2 /* Assets.xcassets */,
				4170640320AC2D2600909AE2 /* LaunchScreen.storyboard */,
				4170640620AC2D2600909AE2 /* Info.plist */,
				4170640720AC2D2600909AE2 /* main.m */,
				4170643220AC399E00909AE2 /* BCPrefixHeader.pch */,
			);
			path = BaseFictitiousCoin;
			sourceTree = "<group>";
		};
		4170641020AC2D2600909AE2 /* BaseFictitiousCoinTests */ = {
			isa = PBXGroup;
			children = (
				4170641120AC2D2600909AE2 /* BaseFictitiousCoinTests.m */,
				4170641320AC2D2600909AE2 /* Info.plist */,
			);
			path = BaseFictitiousCoinTests;
			sourceTree = "<group>";
		};
		4170641B20AC2D2600909AE2 /* BaseFictitiousCoinUITests */ = {
			isa = PBXGroup;
			children = (
				4170641C20AC2D2600909AE2 /* BaseFictitiousCoinUITests.m */,
				4170641E20AC2D2600909AE2 /* Info.plist */,
			);
			path = BaseFictitiousCoinUITests;
			sourceTree = "<group>";
		};
		4170642A20AC2E5F00909AE2 /* Catagery */ = {
			isa = PBXGroup;
			children = (
				416DADE620AD4E8F00D09739 /* UIImage+BCCategory.h */,
				416DADE720AD4E8F00D09739 /* UIImage+BCCategory.m */,
				416DADE920AD4ED100D09739 /* UIColor+BCCategory.h */,
				416DADEA20AD4ED100D09739 /* UIColor+BCCategory.m */,
				4198AA7B20AD7BF500648E0E /* NSObject+BCCategory.h */,
				4198AA7C20AD7BF500648E0E /* NSObject+BCCategory.m */,
				4198AA7E20AD7C7F00648E0E /* NSString+BCCategory.h */,
				4198AA7F20AD7C7F00648E0E /* NSString+BCCategory.m */,
			);
			path = Catagery;
			sourceTree = "<group>";
		};
		4170642B20AC2E6800909AE2 /* Vender */ = {
			isa = PBXGroup;
			children = (
				4190C8A520AEA06D00F8CF00 /* LMJScrollTextView2 */,
				41A7509720AE825C00440327 /* HW3DBannerView */,
				4198AA6620AD718F00648E0E /* HBDNavigationBar */,
			);
			path = Vender;
			sourceTree = "<group>";
		};
		4170642C20AC2E7000909AE2 /* Util */ = {
			isa = PBXGroup;
			children = (
				4198AA8B20AD855600648E0E /* HUD */,
				4198AA8120AD816F00648E0E /* Session */,
			);
			path = Util;
			sourceTree = "<group>";
		};
		4170642D20AC2E7C00909AE2 /* Common */ = {
			isa = PBXGroup;
			children = (
				4198AA7020AD78FA00648E0E /* Model */,
				4198AA7120AD790900648E0E /* View */,
				4198AA7220AD791200648E0E /* Controller */,
			);
			path = Common;
			sourceTree = "<group>";
		};
		4170642E20AC30FD00909AE2 /* Base */ = {
			isa = PBXGroup;
			children = (
				4170642F20AC313E00909AE2 /* BaseViewController.h */,
				4170643020AC313E00909AE2 /* BaseViewController.m */,
				416DADD320AD484C00D09739 /* BCTabBarControllerConfig.h */,
				416DADD420AD484C00D09739 /* BCTabBarControllerConfig.m */,
				4198AA6320AD6D6D00648E0E /* BCNavgationController.h */,
				4198AA6420AD6D6D00648E0E /* BCNavgationController.m */,
			);
			path = Base;
			sourceTree = "<group>";
		};
		4190C8A520AEA06D00F8CF00 /* LMJScrollTextView2 */ = {
			isa = PBXGroup;
			children = (
				4190C8A720AEA07700F8CF00 /* LMJScrollTextView2.h */,
				4190C8A620AEA07700F8CF00 /* LMJScrollTextView2.m */,
			);
			path = LMJScrollTextView2;
			sourceTree = "<group>";
		};
		4198AA6620AD718F00648E0E /* HBDNavigationBar */ = {
			isa = PBXGroup;
			children = (
				4198AA6C20AD71C700648E0E /* HBDNavigationBar.h */,
				4198AA6720AD71C700648E0E /* HBDNavigationBar.m */,
				4198AA6A20AD71C700648E0E /* HBDNavigationController.h */,
				4198AA6B20AD71C700648E0E /* HBDNavigationController.m */,
				4198AA6820AD71C700648E0E /* UIViewController+HBD.h */,
				4198AA6920AD71C700648E0E /* UIViewController+HBD.m */,
			);
			path = HBDNavigationBar;
			sourceTree = "<group>";
		};
		4198AA7020AD78FA00648E0E /* Model */ = {
			isa = PBXGroup;
			children = (
				4198AA7320AD793D00648E0E /* UserModel */,
				4198AA7420AD794500648E0E /* DataModel */,
			);
			path = Model;
			sourceTree = "<group>";
		};
		4198AA7120AD790900648E0E /* View */ = {
			isa = PBXGroup;
			children = (
				41A7509320AE7B1E00440327 /* Home */,
			);
			path = View;
			sourceTree = "<group>";
		};
		4198AA7220AD791200648E0E /* Controller */ = {
			isa = PBXGroup;
			children = (
				41A7509220AE736B00440327 /* Login */,
				4170642E20AC30FD00909AE2 /* Base */,
				416DADD620AD492A00D09739 /* Home */,
				416DADD720AD493100D09739 /* SecretLetter */,
				416DADD820AD495800D09739 /* Wallet */,
				416DADD920AD496800D09739 /* Profile */,
			);
			path = Controller;
			sourceTree = "<group>";
		};
		4198AA7320AD793D00648E0E /* UserModel */ = {
			isa = PBXGroup;
			children = (
				4198AA7520AD798A00648E0E /* BCUserModel.h */,
				4198AA7620AD798A00648E0E /* BCUserModel.m */,
				4198AA7820AD7A1400648E0E /* BCUserModelManager.h */,
				4198AA7920AD7A1400648E0E /* BCUserModelManager.m */,
			);
			path = UserModel;
			sourceTree = "<group>";
		};
		4198AA7420AD794500648E0E /* DataModel */ = {
			isa = PBXGroup;
			children = (
			);
			path = DataModel;
			sourceTree = "<group>";
		};
		4198AA8120AD816F00648E0E /* Session */ = {
			isa = PBXGroup;
			children = (
				4198AA8220AD81D100648E0E /* BCInterfaceConst.h */,
				4198AA8320AD81D100648E0E /* BCInterfaceConst.m */,
				4198AA8820AD830100648E0E /* BCNetworkMonitor.h */,
				4198AA8920AD830100648E0E /* BCNetworkMonitor.m */,
			);
			path = Session;
			sourceTree = "<group>";
		};
		4198AA8B20AD855600648E0E /* HUD */ = {
			isa = PBXGroup;
			children = (
				4198AA8C20AD857D00648E0E /* BCHUD.h */,
				4198AA8D20AD857D00648E0E /* BCHUD.m */,
			);
			path = HUD;
			sourceTree = "<group>";
		};
		41A7509220AE736B00440327 /* Login */ = {
			isa = PBXGroup;
			children = (
			);
			path = Login;
			sourceTree = "<group>";
		};
		41A7509320AE7B1E00440327 /* Home */ = {
			isa = PBXGroup;
			children = (
				41A7509420AE7B4C00440327 /* BCCenterButton.h */,
				41A7509520AE7B4C00440327 /* BCCenterButton.m */,
				4190C8A920AEAA3A00F8CF00 /* HomeItemCell.h */,
				4190C8AA20AEAA3A00F8CF00 /* HomeItemCell.m */,
			);
			path = Home;
			sourceTree = "<group>";
		};
		41A7509720AE825C00440327 /* HW3DBannerView */ = {
			isa = PBXGroup;
			children = (
				41A7509F20AE845E00440327 /* HW3DBannerView.h */,
				41A7509E20AE845D00440327 /* HW3DBannerView.m */,
				41A750A020AE845E00440327 /* UIView+Banner.h */,
				41A750A120AE845E00440327 /* UIView+Banner.m */,
			);
			path = HW3DBannerView;
			sourceTree = "<group>";
		};
		54EC21698335176E21EB0BC4 /* Pods */ = {
			isa = PBXGroup;
			children = (
				E9B7FD1D98D784EABF4467AB /* Pods-BaseFictitiousCoin.debug.xcconfig */,
				9859A2149C86376DD81EC103 /* Pods-BaseFictitiousCoin.release.xcconfig */,
				E7DB55F0808A188DB67AC0EF /* Pods-BaseFictitiousCoinTests.debug.xcconfig */,
				E9B754BB058555DF586D88B4 /* Pods-BaseFictitiousCoinTests.release.xcconfig */,
				D66175785B1C7DD00224B570 /* Pods-BaseFictitiousCoinUITests.debug.xcconfig */,
				6783AF2D6FB96D2061C21839 /* Pods-BaseFictitiousCoinUITests.release.xcconfig */,
			);
			name = Pods;
			sourceTree = "<group>";
		};
/* End PBXGroup section */

/* Begin PBXNativeTarget section */
		417063F420AC2D2600909AE2 /* BaseFictitiousCoin */ = {
			isa = PBXNativeTarget;
			buildConfigurationList = 4170642120AC2D2600909AE2 /* Build configuration list for PBXNativeTarget "BaseFictitiousCoin" */;
			buildPhases = (
				E54BB1F49B89E2B92D8F1A8F /* [CP] Check Pods Manifest.lock */,
				417063F120AC2D2600909AE2 /* Sources */,
				417063F220AC2D2600909AE2 /* Frameworks */,
				417063F320AC2D2600909AE2 /* Resources */,
				DACFD712431E0AE8777F863C /* [CP] Embed Pods Frameworks */,
				3547D2A6DB82B90EF3228D46 /* [CP] Copy Pods Resources */,
			);
			buildRules = (
			);
			dependencies = (
			);
			name = BaseFictitiousCoin;
			productName = BaseFictitiousCoin;
			productReference = 417063F520AC2D2600909AE2 /* BaseFictitiousCoin.app */;
			productType = "com.apple.product-type.application";
		};
		4170640C20AC2D2600909AE2 /* BaseFictitiousCoinTests */ = {
			isa = PBXNativeTarget;
			buildConfigurationList = 4170642420AC2D2600909AE2 /* Build configuration list for PBXNativeTarget "BaseFictitiousCoinTests" */;
			buildPhases = (
				B6B934E3A621CC6D155AF0F9 /* [CP] Check Pods Manifest.lock */,
				4170640920AC2D2600909AE2 /* Sources */,
				4170640A20AC2D2600909AE2 /* Frameworks */,
				4170640B20AC2D2600909AE2 /* Resources */,
				B14D47035423C00B53553D3B /* [CP] Embed Pods Frameworks */,
				F3A84D2BFC87F85CFBB94C81 /* [CP] Copy Pods Resources */,
			);
			buildRules = (
			);
			dependencies = (
				4170640F20AC2D2600909AE2 /* PBXTargetDependency */,
			);
			name = BaseFictitiousCoinTests;
			productName = BaseFictitiousCoinTests;
			productReference = 4170640D20AC2D2600909AE2 /* BaseFictitiousCoinTests.xctest */;
			productType = "com.apple.product-type.bundle.unit-test";
		};
		4170641720AC2D2600909AE2 /* BaseFictitiousCoinUITests */ = {
			isa = PBXNativeTarget;
			buildConfigurationList = 4170642720AC2D2600909AE2 /* Build configuration list for PBXNativeTarget "BaseFictitiousCoinUITests" */;
			buildPhases = (
				B05F66CC3BEF3A66B026A29D /* [CP] Check Pods Manifest.lock */,
				4170641420AC2D2600909AE2 /* Sources */,
				4170641520AC2D2600909AE2 /* Frameworks */,
				4170641620AC2D2600909AE2 /* Resources */,
				1160643DD8710DF5D4B831F9 /* [CP] Embed Pods Frameworks */,
				FBB37E7B21A787FD6D19FA28 /* [CP] Copy Pods Resources */,
			);
			buildRules = (
			);
			dependencies = (
				4170641A20AC2D2600909AE2 /* PBXTargetDependency */,
			);
			name = BaseFictitiousCoinUITests;
			productName = BaseFictitiousCoinUITests;
			productReference = 4170641820AC2D2600909AE2 /* BaseFictitiousCoinUITests.xctest */;
			productType = "com.apple.product-type.bundle.ui-testing";
		};
/* End PBXNativeTarget section */

/* Begin PBXProject section */
		417063ED20AC2D2600909AE2 /* Project object */ = {
			isa = PBXProject;
			attributes = {
				LastUpgradeCheck = 0900;
				ORGANIZATIONNAME = AiQing;
				TargetAttributes = {
					417063F420AC2D2600909AE2 = {
						CreatedOnToolsVersion = 9.0;
						ProvisioningStyle = Automatic;
					};
					4170640C20AC2D2600909AE2 = {
						CreatedOnToolsVersion = 9.0;
						ProvisioningStyle = Automatic;
						TestTargetID = 417063F420AC2D2600909AE2;
					};
					4170641720AC2D2600909AE2 = {
						CreatedOnToolsVersion = 9.0;
						ProvisioningStyle = Automatic;
						TestTargetID = 417063F420AC2D2600909AE2;
					};
				};
			};
			buildConfigurationList = 417063F020AC2D2600909AE2 /* Build configuration list for PBXProject "BaseFictitiousCoin" */;
			compatibilityVersion = "Xcode 8.0";
			developmentRegion = en;
			hasScannedForEncodings = 0;
			knownRegions = (
				en,
				Base,
			);
			mainGroup = 417063EC20AC2D2600909AE2;
			productRefGroup = 417063F620AC2D2600909AE2 /* Products */;
			projectDirPath = "";
			projectRoot = "";
			targets = (
				417063F420AC2D2600909AE2 /* BaseFictitiousCoin */,
				4170640C20AC2D2600909AE2 /* BaseFictitiousCoinTests */,
				4170641720AC2D2600909AE2 /* BaseFictitiousCoinUITests */,
			);
		};
/* End PBXProject section */

/* Begin PBXResourcesBuildPhase section */
		417063F320AC2D2600909AE2 /* Resources */ = {
			isa = PBXResourcesBuildPhase;
			buildActionMask = 2147483647;
			files = (
				4170640520AC2D2600909AE2 /* LaunchScreen.storyboard in Resources */,
				4170640220AC2D2600909AE2 /* Assets.xcassets in Resources */,
			);
			runOnlyForDeploymentPostprocessing = 0;
		};
		4170640B20AC2D2600909AE2 /* Resources */ = {
			isa = PBXResourcesBuildPhase;
			buildActionMask = 2147483647;
			files = (
			);
			runOnlyForDeploymentPostprocessing = 0;
		};
		4170641620AC2D2600909AE2 /* Resources */ = {
			isa = PBXResourcesBuildPhase;
			buildActionMask = 2147483647;
			files = (
			);
			runOnlyForDeploymentPostprocessing = 0;
		};
/* End PBXResourcesBuildPhase section */

/* Begin PBXShellScriptBuildPhase section */
		1160643DD8710DF5D4B831F9 /* [CP] Embed Pods Frameworks */ = {
			isa = PBXShellScriptBuildPhase;
			buildActionMask = 2147483647;
			files = (
			);
			inputPaths = (
			);
			name = "[CP] Embed Pods Frameworks";
			outputPaths = (
			);
			runOnlyForDeploymentPostprocessing = 0;
			shellPath = /bin/sh;
			shellScript = "\"${SRCROOT}/Pods/Target Support Files/Pods-BaseFictitiousCoinUITests/Pods-BaseFictitiousCoinUITests-frameworks.sh\"\n";
			showEnvVarsInLog = 0;
		};
		3547D2A6DB82B90EF3228D46 /* [CP] Copy Pods Resources */ = {
			isa = PBXShellScriptBuildPhase;
			buildActionMask = 2147483647;
			files = (
			);
			inputPaths = (
				"${SRCROOT}/Pods/Target Support Files/Pods-BaseFictitiousCoin/Pods-BaseFictitiousCoin-resources.sh",
				"${PODS_ROOT}/IQKeyboardManager/IQKeyboardManager/Resources/IQKeyboardManager.bundle",
				"${PODS_ROOT}/MJRefresh/MJRefresh/MJRefresh.bundle",
			);
			name = "[CP] Copy Pods Resources";
			outputPaths = (
				"${TARGET_BUILD_DIR}/${UNLOCALIZED_RESOURCES_FOLDER_PATH}",
			);
			runOnlyForDeploymentPostprocessing = 0;
			shellPath = /bin/sh;
			shellScript = "\"${SRCROOT}/Pods/Target Support Files/Pods-BaseFictitiousCoin/Pods-BaseFictitiousCoin-resources.sh\"\n";
			showEnvVarsInLog = 0;
		};
		B05F66CC3BEF3A66B026A29D /* [CP] Check Pods Manifest.lock */ = {
			isa = PBXShellScriptBuildPhase;
			buildActionMask = 2147483647;
			files = (
			);
			inputPaths = (
				"${PODS_PODFILE_DIR_PATH}/Podfile.lock",
				"${PODS_ROOT}/Manifest.lock",
			);
			name = "[CP] Check Pods Manifest.lock";
			outputPaths = (
				"$(DERIVED_FILE_DIR)/Pods-BaseFictitiousCoinUITests-checkManifestLockResult.txt",
			);
			runOnlyForDeploymentPostprocessing = 0;
			shellPath = /bin/sh;
			shellScript = "diff \"${PODS_PODFILE_DIR_PATH}/Podfile.lock\" \"${PODS_ROOT}/Manifest.lock\" > /dev/null\nif [ $? != 0 ] ; then\n    # print error to STDERR\n    echo \"error: The sandbox is not in sync with the Podfile.lock. Run 'pod install' or update your CocoaPods installation.\" >&2\n    exit 1\nfi\n# This output is used by Xcode 'outputs' to avoid re-running this script phase.\necho \"SUCCESS\" > \"${SCRIPT_OUTPUT_FILE_0}\"\n";
			showEnvVarsInLog = 0;
		};
		B14D47035423C00B53553D3B /* [CP] Embed Pods Frameworks */ = {
			isa = PBXShellScriptBuildPhase;
			buildActionMask = 2147483647;
			files = (
			);
			inputPaths = (
			);
			name = "[CP] Embed Pods Frameworks";
			outputPaths = (
			);
			runOnlyForDeploymentPostprocessing = 0;
			shellPath = /bin/sh;
			shellScript = "\"${SRCROOT}/Pods/Target Support Files/Pods-BaseFictitiousCoinTests/Pods-BaseFictitiousCoinTests-frameworks.sh\"\n";
			showEnvVarsInLog = 0;
		};
		B6B934E3A621CC6D155AF0F9 /* [CP] Check Pods Manifest.lock */ = {
			isa = PBXShellScriptBuildPhase;
			buildActionMask = 2147483647;
			files = (
			);
			inputPaths = (
				"${PODS_PODFILE_DIR_PATH}/Podfile.lock",
				"${PODS_ROOT}/Manifest.lock",
			);
			name = "[CP] Check Pods Manifest.lock";
			outputPaths = (
				"$(DERIVED_FILE_DIR)/Pods-BaseFictitiousCoinTests-checkManifestLockResult.txt",
			);
			runOnlyForDeploymentPostprocessing = 0;
			shellPath = /bin/sh;
			shellScript = "diff \"${PODS_PODFILE_DIR_PATH}/Podfile.lock\" \"${PODS_ROOT}/Manifest.lock\" > /dev/null\nif [ $? != 0 ] ; then\n    # print error to STDERR\n    echo \"error: The sandbox is not in sync with the Podfile.lock. Run 'pod install' or update your CocoaPods installation.\" >&2\n    exit 1\nfi\n# This output is used by Xcode 'outputs' to avoid re-running this script phase.\necho \"SUCCESS\" > \"${SCRIPT_OUTPUT_FILE_0}\"\n";
			showEnvVarsInLog = 0;
		};
		DACFD712431E0AE8777F863C /* [CP] Embed Pods Frameworks */ = {
			isa = PBXShellScriptBuildPhase;
			buildActionMask = 2147483647;
			files = (
			);
			inputPaths = (
			);
			name = "[CP] Embed Pods Frameworks";
			outputPaths = (
			);
			runOnlyForDeploymentPostprocessing = 0;
			shellPath = /bin/sh;
			shellScript = "\"${SRCROOT}/Pods/Target Support Files/Pods-BaseFictitiousCoin/Pods-BaseFictitiousCoin-frameworks.sh\"\n";
			showEnvVarsInLog = 0;
		};
		E54BB1F49B89E2B92D8F1A8F /* [CP] Check Pods Manifest.lock */ = {
			isa = PBXShellScriptBuildPhase;
			buildActionMask = 2147483647;
			files = (
			);
			inputPaths = (
				"${PODS_PODFILE_DIR_PATH}/Podfile.lock",
				"${PODS_ROOT}/Manifest.lock",
			);
			name = "[CP] Check Pods Manifest.lock";
			outputPaths = (
				"$(DERIVED_FILE_DIR)/Pods-BaseFictitiousCoin-checkManifestLockResult.txt",
			);
			runOnlyForDeploymentPostprocessing = 0;
			shellPath = /bin/sh;
			shellScript = "diff \"${PODS_PODFILE_DIR_PATH}/Podfile.lock\" \"${PODS_ROOT}/Manifest.lock\" > /dev/null\nif [ $? != 0 ] ; then\n    # print error to STDERR\n    echo \"error: The sandbox is not in sync with the Podfile.lock. Run 'pod install' or update your CocoaPods installation.\" >&2\n    exit 1\nfi\n# This output is used by Xcode 'outputs' to avoid re-running this script phase.\necho \"SUCCESS\" > \"${SCRIPT_OUTPUT_FILE_0}\"\n";
			showEnvVarsInLog = 0;
		};
		F3A84D2BFC87F85CFBB94C81 /* [CP] Copy Pods Resources */ = {
			isa = PBXShellScriptBuildPhase;
			buildActionMask = 2147483647;
			files = (
			);
			inputPaths = (
			);
			name = "[CP] Copy Pods Resources";
			outputPaths = (
			);
			runOnlyForDeploymentPostprocessing = 0;
			shellPath = /bin/sh;
			shellScript = "\"${SRCROOT}/Pods/Target Support Files/Pods-BaseFictitiousCoinTests/Pods-BaseFictitiousCoinTests-resources.sh\"\n";
			showEnvVarsInLog = 0;
		};
		FBB37E7B21A787FD6D19FA28 /* [CP] Copy Pods Resources */ = {
			isa = PBXShellScriptBuildPhase;
			buildActionMask = 2147483647;
			files = (
			);
			inputPaths = (
			);
			name = "[CP] Copy Pods Resources";
			outputPaths = (
			);
			runOnlyForDeploymentPostprocessing = 0;
			shellPath = /bin/sh;
			shellScript = "\"${SRCROOT}/Pods/Target Support Files/Pods-BaseFictitiousCoinUITests/Pods-BaseFictitiousCoinUITests-resources.sh\"\n";
			showEnvVarsInLog = 0;
		};
/* End PBXShellScriptBuildPhase section */

/* Begin PBXSourcesBuildPhase section */
		417063F120AC2D2600909AE2 /* Sources */ = {
			isa = PBXSourcesBuildPhase;
			buildActionMask = 2147483647;
			files = (
				4190C8A820AEA08B00F8CF00 /* LMJScrollTextView2.m in Sources */,
				41A750A220AE976100440327 /* HW3DBannerView.m in Sources */,
				41A750A320AE976100440327 /* UIView+Banner.m in Sources */,
				4198AA6D20AD741200648E0E /* HBDNavigationBar.m in Sources */,
				4198AA6E20AD741200648E0E /* HBDNavigationController.m in Sources */,
				4198AA6F20AD741200648E0E /* UIViewController+HBD.m in Sources */,
				4198AA7D20AD7BF500648E0E /* NSObject+BCCategory.m in Sources */,
				4190C8AB20AEAA3A00F8CF00 /* HomeItemCell.m in Sources */,
				416DADE220AD49CF00D09739 /* BCWalletController.m in Sources */,
				4198AA8A20AD830100648E0E /* BCNetworkMonitor.m in Sources */,
				416DADEB20AD4ED100D09739 /* UIColor+BCCategory.m in Sources */,
				416DADE520AD49E300D09739 /* BCProfileController.m in Sources */,
				4198AA8E20AD857D00648E0E /* BCHUD.m in Sources */,
				4170643120AC313E00909AE2 /* BaseViewController.m in Sources */,
				4170640820AC2D2600909AE2 /* main.m in Sources */,
				4198AA6520AD6D6D00648E0E /* BCNavgationController.m in Sources */,
				416DADD520AD484C00D09739 /* BCTabBarControllerConfig.m in Sources */,
				41A7509620AE7B4C00440327 /* BCCenterButton.m in Sources */,
				416DADDF20AD49BD00D09739 /* BCSecretLetterController.m in Sources */,
				4198AA8420AD81D100648E0E /* BCInterfaceConst.m in Sources */,
				417063FA20AC2D2600909AE2 /* BCAppDelegate.m in Sources */,
				4198AA7720AD798A00648E0E /* BCUserModel.m in Sources */,
				416DADE820AD4E8F00D09739 /* UIImage+BCCategory.m in Sources */,
				4198AA7A20AD7A1400648E0E /* BCUserModelManager.m in Sources */,
				4198AA8020AD7C7F00648E0E /* NSString+BCCategory.m in Sources */,
				416DADDC20AD499D00D09739 /* BCHomeController.m in Sources */,
			);
			runOnlyForDeploymentPostprocessing = 0;
		};
		4170640920AC2D2600909AE2 /* Sources */ = {
			isa = PBXSourcesBuildPhase;
			buildActionMask = 2147483647;
			files = (
				4170641220AC2D2600909AE2 /* BaseFictitiousCoinTests.m in Sources */,
			);
			runOnlyForDeploymentPostprocessing = 0;
		};
		4170641420AC2D2600909AE2 /* Sources */ = {
			isa = PBXSourcesBuildPhase;
			buildActionMask = 2147483647;
			files = (
				4170641D20AC2D2600909AE2 /* BaseFictitiousCoinUITests.m in Sources */,
			);
			runOnlyForDeploymentPostprocessing = 0;
		};
/* End PBXSourcesBuildPhase section */

/* Begin PBXTargetDependency section */
		4170640F20AC2D2600909AE2 /* PBXTargetDependency */ = {
			isa = PBXTargetDependency;
			target = 417063F420AC2D2600909AE2 /* BaseFictitiousCoin */;
			targetProxy = 4170640E20AC2D2600909AE2 /* PBXContainerItemProxy */;
		};
		4170641A20AC2D2600909AE2 /* PBXTargetDependency */ = {
			isa = PBXTargetDependency;
			target = 417063F420AC2D2600909AE2 /* BaseFictitiousCoin */;
			targetProxy = 4170641920AC2D2600909AE2 /* PBXContainerItemProxy */;
		};
/* End PBXTargetDependency section */

/* Begin PBXVariantGroup section */
		4170640320AC2D2600909AE2 /* LaunchScreen.storyboard */ = {
			isa = PBXVariantGroup;
			children = (
				4170640420AC2D2600909AE2 /* Base */,
			);
			name = LaunchScreen.storyboard;
			sourceTree = "<group>";
		};
/* End PBXVariantGroup section */

/* Begin XCBuildConfiguration section */
		4170641F20AC2D2600909AE2 /* Debug */ = {
			isa = XCBuildConfiguration;
			buildSettings = {
				ALWAYS_SEARCH_USER_PATHS = NO;
				CLANG_ANALYZER_NONNULL = YES;
				CLANG_ANALYZER_NUMBER_OBJECT_CONVERSION = YES_AGGRESSIVE;
				CLANG_CXX_LANGUAGE_STANDARD = "gnu++14";
				CLANG_CXX_LIBRARY = "libc++";
				CLANG_ENABLE_MODULES = YES;
				CLANG_ENABLE_OBJC_ARC = YES;
				CLANG_WARN_BLOCK_CAPTURE_AUTORELEASING = YES;
				CLANG_WARN_BOOL_CONVERSION = YES;
				CLANG_WARN_COMMA = YES;
				CLANG_WARN_CONSTANT_CONVERSION = YES;
				CLANG_WARN_DIRECT_OBJC_ISA_USAGE = YES_ERROR;
				CLANG_WARN_DOCUMENTATION_COMMENTS = YES;
				CLANG_WARN_EMPTY_BODY = YES;
				CLANG_WARN_ENUM_CONVERSION = YES;
				CLANG_WARN_INFINITE_RECURSION = YES;
				CLANG_WARN_INT_CONVERSION = YES;
				CLANG_WARN_NON_LITERAL_NULL_CONVERSION = YES;
				CLANG_WARN_OBJC_LITERAL_CONVERSION = YES;
				CLANG_WARN_OBJC_ROOT_CLASS = YES_ERROR;
				CLANG_WARN_RANGE_LOOP_ANALYSIS = YES;
				CLANG_WARN_STRICT_PROTOTYPES = YES;
				CLANG_WARN_SUSPICIOUS_MOVE = YES;
				CLANG_WARN_UNGUARDED_AVAILABILITY = YES_AGGRESSIVE;
				CLANG_WARN_UNREACHABLE_CODE = YES;
				CLANG_WARN__DUPLICATE_METHOD_MATCH = YES;
				CODE_SIGN_IDENTITY = "iPhone Developer";
				COPY_PHASE_STRIP = NO;
				DEBUG_INFORMATION_FORMAT = dwarf;
				ENABLE_STRICT_OBJC_MSGSEND = YES;
				ENABLE_TESTABILITY = YES;
				GCC_C_LANGUAGE_STANDARD = gnu11;
				GCC_DYNAMIC_NO_PIC = NO;
				GCC_NO_COMMON_BLOCKS = YES;
				GCC_OPTIMIZATION_LEVEL = 0;
				GCC_PREPROCESSOR_DEFINITIONS = (
					"DEBUG=1",
					"$(inherited)",
				);
				GCC_WARN_64_TO_32_BIT_CONVERSION = YES;
				GCC_WARN_ABOUT_RETURN_TYPE = YES_ERROR;
				GCC_WARN_UNDECLARED_SELECTOR = YES;
				GCC_WARN_UNINITIALIZED_AUTOS = YES_AGGRESSIVE;
				GCC_WARN_UNUSED_FUNCTION = YES;
				GCC_WARN_UNUSED_VARIABLE = YES;
				IPHONEOS_DEPLOYMENT_TARGET = 11.1;
				MTL_ENABLE_DEBUG_INFO = YES;
				ONLY_ACTIVE_ARCH = YES;
				SDKROOT = iphoneos;
			};
			name = Debug;
		};
		4170642020AC2D2600909AE2 /* Release */ = {
			isa = XCBuildConfiguration;
			buildSettings = {
				ALWAYS_SEARCH_USER_PATHS = NO;
				CLANG_ANALYZER_NONNULL = YES;
				CLANG_ANALYZER_NUMBER_OBJECT_CONVERSION = YES_AGGRESSIVE;
				CLANG_CXX_LANGUAGE_STANDARD = "gnu++14";
				CLANG_CXX_LIBRARY = "libc++";
				CLANG_ENABLE_MODULES = YES;
				CLANG_ENABLE_OBJC_ARC = YES;
				CLANG_WARN_BLOCK_CAPTURE_AUTORELEASING = YES;
				CLANG_WARN_BOOL_CONVERSION = YES;
				CLANG_WARN_COMMA = YES;
				CLANG_WARN_CONSTANT_CONVERSION = YES;
				CLANG_WARN_DIRECT_OBJC_ISA_USAGE = YES_ERROR;
				CLANG_WARN_DOCUMENTATION_COMMENTS = YES;
				CLANG_WARN_EMPTY_BODY = YES;
				CLANG_WARN_ENUM_CONVERSION = YES;
				CLANG_WARN_INFINITE_RECURSION = YES;
				CLANG_WARN_INT_CONVERSION = YES;
				CLANG_WARN_NON_LITERAL_NULL_CONVERSION = YES;
				CLANG_WARN_OBJC_LITERAL_CONVERSION = YES;
				CLANG_WARN_OBJC_ROOT_CLASS = YES_ERROR;
				CLANG_WARN_RANGE_LOOP_ANALYSIS = YES;
				CLANG_WARN_STRICT_PROTOTYPES = YES;
				CLANG_WARN_SUSPICIOUS_MOVE = YES;
				CLANG_WARN_UNGUARDED_AVAILABILITY = YES_AGGRESSIVE;
				CLANG_WARN_UNREACHABLE_CODE = YES;
				CLANG_WARN__DUPLICATE_METHOD_MATCH = YES;
				CODE_SIGN_IDENTITY = "iPhone Developer";
				COPY_PHASE_STRIP = NO;
				DEBUG_INFORMATION_FORMAT = "dwarf-with-dsym";
				ENABLE_NS_ASSERTIONS = NO;
				ENABLE_STRICT_OBJC_MSGSEND = YES;
				GCC_C_LANGUAGE_STANDARD = gnu11;
				GCC_NO_COMMON_BLOCKS = YES;
				GCC_WARN_64_TO_32_BIT_CONVERSION = YES;
				GCC_WARN_ABOUT_RETURN_TYPE = YES_ERROR;
				GCC_WARN_UNDECLARED_SELECTOR = YES;
				GCC_WARN_UNINITIALIZED_AUTOS = YES_AGGRESSIVE;
				GCC_WARN_UNUSED_FUNCTION = YES;
				GCC_WARN_UNUSED_VARIABLE = YES;
				IPHONEOS_DEPLOYMENT_TARGET = 11.1;
				MTL_ENABLE_DEBUG_INFO = NO;
				SDKROOT = iphoneos;
				VALIDATE_PRODUCT = YES;
			};
			name = Release;
		};
		4170642220AC2D2600909AE2 /* Debug */ = {
			isa = XCBuildConfiguration;
			baseConfigurationReference = E9B7FD1D98D784EABF4467AB /* Pods-BaseFictitiousCoin.debug.xcconfig */;
			buildSettings = {
				ASSETCATALOG_COMPILER_APPICON_NAME = AppIcon;
				CODE_SIGN_STYLE = Automatic;
				DEVELOPMENT_TEAM = 6H3D8VM35G;
				GCC_PREFIX_HEADER = "$(SRCROOT)/BaseFictitiousCoin/BCPrefixHeader.pch";
				INFOPLIST_FILE = BaseFictitiousCoin/Info.plist;
				IPHONEOS_DEPLOYMENT_TARGET = 9.0;
				LD_RUNPATH_SEARCH_PATHS = "$(inherited) @executable_path/Frameworks";
				PRODUCT_BUNDLE_IDENTIFIER = AiQing.BaseFictitiousCoin;
				PRODUCT_NAME = "$(TARGET_NAME)";
				TARGETED_DEVICE_FAMILY = "1,2";
			};
			name = Debug;
		};
		4170642320AC2D2600909AE2 /* Release */ = {
			isa = XCBuildConfiguration;
			baseConfigurationReference = 9859A2149C86376DD81EC103 /* Pods-BaseFictitiousCoin.release.xcconfig */;
			buildSettings = {
				ASSETCATALOG_COMPILER_APPICON_NAME = AppIcon;
				CODE_SIGN_STYLE = Automatic;
				DEVELOPMENT_TEAM = 6H3D8VM35G;
				GCC_PREFIX_HEADER = "$(SRCROOT)/BaseFictitiousCoin/BCPrefixHeader.pch";
				INFOPLIST_FILE = BaseFictitiousCoin/Info.plist;
				IPHONEOS_DEPLOYMENT_TARGET = 9.0;
				LD_RUNPATH_SEARCH_PATHS = "$(inherited) @executable_path/Frameworks";
				PRODUCT_BUNDLE_IDENTIFIER = AiQing.BaseFictitiousCoin;
				PRODUCT_NAME = "$(TARGET_NAME)";
				TARGETED_DEVICE_FAMILY = "1,2";
			};
			name = Release;
		};
		4170642520AC2D2600909AE2 /* Debug */ = {
			isa = XCBuildConfiguration;
			baseConfigurationReference = E7DB55F0808A188DB67AC0EF /* Pods-BaseFictitiousCoinTests.debug.xcconfig */;
			buildSettings = {
				BUNDLE_LOADER = "$(TEST_HOST)";
				CODE_SIGN_STYLE = Automatic;
				DEVELOPMENT_TEAM = 6H3D8VM35G;
				INFOPLIST_FILE = BaseFictitiousCoinTests/Info.plist;
				LD_RUNPATH_SEARCH_PATHS = "$(inherited) @executable_path/Frameworks @loader_path/Frameworks";
				PRODUCT_BUNDLE_IDENTIFIER = AiQing.BaseFictitiousCoinTests;
				PRODUCT_NAME = "$(TARGET_NAME)";
				TARGETED_DEVICE_FAMILY = "1,2";
				TEST_HOST = "$(BUILT_PRODUCTS_DIR)/BaseFictitiousCoin.app/BaseFictitiousCoin";
			};
			name = Debug;
		};
		4170642620AC2D2600909AE2 /* Release */ = {
			isa = XCBuildConfiguration;
			baseConfigurationReference = E9B754BB058555DF586D88B4 /* Pods-BaseFictitiousCoinTests.release.xcconfig */;
			buildSettings = {
				BUNDLE_LOADER = "$(TEST_HOST)";
				CODE_SIGN_STYLE = Automatic;
				DEVELOPMENT_TEAM = 6H3D8VM35G;
				INFOPLIST_FILE = BaseFictitiousCoinTests/Info.plist;
				LD_RUNPATH_SEARCH_PATHS = "$(inherited) @executable_path/Frameworks @loader_path/Frameworks";
				PRODUCT_BUNDLE_IDENTIFIER = AiQing.BaseFictitiousCoinTests;
				PRODUCT_NAME = "$(TARGET_NAME)";
				TARGETED_DEVICE_FAMILY = "1,2";
				TEST_HOST = "$(BUILT_PRODUCTS_DIR)/BaseFictitiousCoin.app/BaseFictitiousCoin";
			};
			name = Release;
		};
		4170642820AC2D2600909AE2 /* Debug */ = {
			isa = XCBuildConfiguration;
			baseConfigurationReference = D66175785B1C7DD00224B570 /* Pods-BaseFictitiousCoinUITests.debug.xcconfig */;
			buildSettings = {
				CODE_SIGN_STYLE = Automatic;
				DEVELOPMENT_TEAM = 6H3D8VM35G;
				INFOPLIST_FILE = BaseFictitiousCoinUITests/Info.plist;
				LD_RUNPATH_SEARCH_PATHS = "$(inherited) @executable_path/Frameworks @loader_path/Frameworks";
				PRODUCT_BUNDLE_IDENTIFIER = AiQing.BaseFictitiousCoinUITests;
				PRODUCT_NAME = "$(TARGET_NAME)";
				TARGETED_DEVICE_FAMILY = "1,2";
				TEST_TARGET_NAME = BaseFictitiousCoin;
			};
			name = Debug;
		};
		4170642920AC2D2600909AE2 /* Release */ = {
			isa = XCBuildConfiguration;
			baseConfigurationReference = 6783AF2D6FB96D2061C21839 /* Pods-BaseFictitiousCoinUITests.release.xcconfig */;
			buildSettings = {
				CODE_SIGN_STYLE = Automatic;
				DEVELOPMENT_TEAM = 6H3D8VM35G;
				INFOPLIST_FILE = BaseFictitiousCoinUITests/Info.plist;
				LD_RUNPATH_SEARCH_PATHS = "$(inherited) @executable_path/Frameworks @loader_path/Frameworks";
				PRODUCT_BUNDLE_IDENTIFIER = AiQing.BaseFictitiousCoinUITests;
				PRODUCT_NAME = "$(TARGET_NAME)";
				TARGETED_DEVICE_FAMILY = "1,2";
				TEST_TARGET_NAME = BaseFictitiousCoin;
			};
			name = Release;
		};
/* End XCBuildConfiguration section */

/* Begin XCConfigurationList section */
		417063F020AC2D2600909AE2 /* Build configuration list for PBXProject "BaseFictitiousCoin" */ = {
			isa = XCConfigurationList;
			buildConfigurations = (
				4170641F20AC2D2600909AE2 /* Debug */,
				4170642020AC2D2600909AE2 /* Release */,
			);
			defaultConfigurationIsVisible = 0;
			defaultConfigurationName = Release;
		};
		4170642120AC2D2600909AE2 /* Build configuration list for PBXNativeTarget "BaseFictitiousCoin" */ = {
			isa = XCConfigurationList;
			buildConfigurations = (
				4170642220AC2D2600909AE2 /* Debug */,
				4170642320AC2D2600909AE2 /* Release */,
			);
			defaultConfigurationIsVisible = 0;
			defaultConfigurationName = Release;
		};
		4170642420AC2D2600909AE2 /* Build configuration list for PBXNativeTarget "BaseFictitiousCoinTests" */ = {
			isa = XCConfigurationList;
			buildConfigurations = (
				4170642520AC2D2600909AE2 /* Debug */,
				4170642620AC2D2600909AE2 /* Release */,
			);
			defaultConfigurationIsVisible = 0;
			defaultConfigurationName = Release;
		};
		4170642720AC2D2600909AE2 /* Build configuration list for PBXNativeTarget "BaseFictitiousCoinUITests" */ = {
			isa = XCConfigurationList;
			buildConfigurations = (
				4170642820AC2D2600909AE2 /* Debug */,
				4170642920AC2D2600909AE2 /* Release */,
			);
			defaultConfigurationIsVisible = 0;
			defaultConfigurationName = Release;
		};
/* End XCConfigurationList section */
	};
	rootObject = 417063ED20AC2D2600909AE2 /* Project object */;
}
